
Microsoft Visual Studio Solution File, Format Version 12.00
# Visual Studio Version 17
VisualStudioVersion = 17.0.31919.166
MinimumVisualStudioVersion = 10.0.40219.1
Project("{2150E333-8FDC-42A3-9474-1A3956D46DE8}") = "ShopManagement", "ShopManagement", "{E799E8CC-1DBE-45EA-B24B-FC922113D42B}"
EndProject
Project("{2150E333-8FDC-42A3-9474-1A3956D46DE8}") = "SM.Domain", "SM.Domain", "{0509F04F-0BDB-46C2-A5B8-99CC5D72EB8B}"
EndProject
Project("{9A19103F-16F7-4668-BE54-9A1E7A4F7556}") = "ShopManagement.Domain", "ShopManagement.Domain\ShopManagement.Domain.csproj", "{711ED013-809E-4781-AA43-1CCBFBAEB206}"
EndProject
Project("{9A19103F-16F7-4668-BE54-9A1E7A4F7556}") = "0_FrameWork", "0_FrameWork\0_FrameWork.csproj", "{58D9BF63-C468-4812-ADD8-000AB6B6E16A}"
EndProject
Project("{2150E333-8FDC-42A3-9474-1A3956D46DE8}") = "SM.Application", "SM.Application", "{6596C863-B4E1-4DD5-8B4A-F2685E81A822}"
EndProject
Project("{9A19103F-16F7-4668-BE54-9A1E7A4F7556}") = "ShopManagement.Application.Contracts", "ShopManagement.Application.Contracts\ShopManagement.Application.Contracts.csproj", "{BFE9492E-A678-4DF4-8DC0-26CED294AE2C}"
EndProject
Project("{9A19103F-16F7-4668-BE54-9A1E7A4F7556}") = "ShopManagement.Application", "ShopManagement.Application\ShopManagement.Application.csproj", "{E8726627-6C4E-41CD-8500-E542A1ED69EE}"
EndProject
Project("{2150E333-8FDC-42A3-9474-1A3956D46DE8}") = "SM.Infrastructure", "SM.Infrastructure", "{2F45ED3E-C4B6-4899-959F-D5E067E7A330}"
EndProject
Project("{9A19103F-16F7-4668-BE54-9A1E7A4F7556}") = "ShopManagement.Infrastructure.EFCore", "ShopManagement.Infrastructure.EFCore\ShopManagement.Infrastructure.EFCore.csproj", "{D1E395EE-1DAC-4D71-AE00-FDF832235F98}"
EndProject
Project("{9A19103F-16F7-4668-BE54-9A1E7A4F7556}") = "ShopManagement.Configuration", "ShopManagement.Configuration\ShopManagement.Configuration.csproj", "{731E544C-AE96-4DF2-805A-ADD427920CE8}"
EndProject
Project("{9A19103F-16F7-4668-BE54-9A1E7A4F7556}") = "ServiceHost", "ServiceHost\ServiceHost.csproj", "{99EEA4BA-9C4B-41EE-87B6-64D51E0E1898}"
EndProject
Project("{9A19103F-16F7-4668-BE54-9A1E7A4F7556}") = "01_LampShadQuery", "01_LampShadQuery\01_LampShadQuery.csproj", "{EC758051-BD79-44C4-B077-FDB7CE1CE20A}"
EndProject
Project("{2150E333-8FDC-42A3-9474-1A3956D46DE8}") = "DisCountMamagement", "DisCountMamagement", "{8645BF0D-D759-4505-9663-A8DC69BCE872}"
EndProject
Project("{2150E333-8FDC-42A3-9474-1A3956D46DE8}") = "DM.Domain", "DM.Domain", "{3A87738D-EECB-48B7-A45E-ECBE7677B937}"
EndProject
Project("{2150E333-8FDC-42A3-9474-1A3956D46DE8}") = "DM.Application", "DM.Application", "{D7B107DD-3602-4EAF-9DFF-7A8C4CA0BBF0}"
EndProject
Project("{2150E333-8FDC-42A3-9474-1A3956D46DE8}") = "DM.Infrastructure", "DM.Infrastructure", "{12C260D1-3679-46F1-899A-FEB28FC56844}"
EndProject
Project("{9A19103F-16F7-4668-BE54-9A1E7A4F7556}") = "DiscountManagement.Domain", "DiscountManagement.Domain\DiscountManagement.Domain.csproj", "{AF717BFF-863D-4BA1-9BE2-424AA73AFCB7}"
EndProject
Project("{9A19103F-16F7-4668-BE54-9A1E7A4F7556}") = "DiscountManagement.Application.Contract", "DiscountManagement.Application.Contract\DiscountManagement.Application.Contract.csproj", "{94BE0EC0-DF38-4564-A05A-205F1521010A}"
EndProject
Project("{9A19103F-16F7-4668-BE54-9A1E7A4F7556}") = "DiscountManagement.Application", "DiscountManagement.Application\DiscountManagement.Application.csproj", "{160B41D8-C87D-4021-8C0D-82B61A21CEF2}"
EndProject
Project("{9A19103F-16F7-4668-BE54-9A1E7A4F7556}") = "DisCountManamgement.Infrastructure.EFCore", "DisCountManamgement.Infrastructure.EFCore\DisCountManamgement.Infrastructure.EFCore.csproj", "{B2463170-6EF8-48A0-9AE8-E9D25A4D0437}"
EndProject
Project("{9A19103F-16F7-4668-BE54-9A1E7A4F7556}") = "DiscountManagement.Configuration", "DiscountManagement.Configuration\DiscountManagement.Configuration.csproj", "{CC61DC91-DFDC-4197-AB86-117E3D3839AA}"
EndProject
Project("{2150E333-8FDC-42A3-9474-1A3956D46DE8}") = "InventoryManagement", "InventoryManagement", "{2BA8A6AF-93A8-4EEF-90C2-E6A0BDE74FF9}"
EndProject
Project("{2150E333-8FDC-42A3-9474-1A3956D46DE8}") = "IM.Domain", "IM.Domain", "{48C79094-2173-4AE3-8D01-E9625130DA7D}"
EndProject
Project("{2150E333-8FDC-42A3-9474-1A3956D46DE8}") = "IM.Infrastructure", "IM.Infrastructure", "{2BDCCCC4-88CD-4EF0-9EF2-B1328F16AB07}"
EndProject
Project("{9A19103F-16F7-4668-BE54-9A1E7A4F7556}") = "InventoryManagement.Domain", "InventoryManagement.Domain\InventoryManagement.Domain.csproj", "{E6090702-5917-4B16-AB5A-FFFE413A55BE}"
EndProject
Project("{2150E333-8FDC-42A3-9474-1A3956D46DE8}") = "IM.Application", "IM.Application", "{F77FB568-F43E-4A6A-87EC-82350BE39D8A}"
EndProject
Project("{9A19103F-16F7-4668-BE54-9A1E7A4F7556}") = "InventoryManagement.Application.Contract", "InventoryManagement.Application\InventoryManagement.Application.Contract.csproj", "{72A8311A-F563-4489-A073-A0DF430BA735}"
EndProject
Project("{9A19103F-16F7-4668-BE54-9A1E7A4F7556}") = "InventoryManagement.Infrastructure.EfCore", "InventoryManagement.Infrastructure.EfCore\InventoryManagement.Infrastructure.EfCore.csproj", "{1639F5E6-E826-41A3-937D-C77C5A22741B}"
EndProject
Project("{9A19103F-16F7-4668-BE54-9A1E7A4F7556}") = "InventorManagement.Infrastructure.Configuration", "InventorManagement.Infrastructure.Configuration\InventorManagement.Infrastructure.Configuration.csproj", "{91A89AFD-1CB5-4551-9A54-6B8E2F362A41}"
EndProject
Project("{9A19103F-16F7-4668-BE54-9A1E7A4F7556}") = "InventoryManagement.Appliction", "InventoryManagement.Appliction\InventoryManagement.Appliction.csproj", "{80D0A097-552B-4AE1-BF1D-C1A94DD704D6}"
EndProject
Project("{2150E333-8FDC-42A3-9474-1A3956D46DE8}") = "AccountManagement", "AccountManagement", "{C5821A33-EE76-4A71-9FA6-A71651EA0ECA}"
EndProject
Project("{2150E333-8FDC-42A3-9474-1A3956D46DE8}") = "AM.Domain", "AM.Domain", "{D8FE85F9-B2FF-460D-83D8-46E951351AC1}"
EndProject
Project("{2150E333-8FDC-42A3-9474-1A3956D46DE8}") = "AM.Infrustrature", "AM.Infrustrature", "{E2FA117B-45DC-4804-BE34-F36743A9826B}"
EndProject
Project("{2150E333-8FDC-42A3-9474-1A3956D46DE8}") = "AM.Application", "AM.Application", "{448DE631-1609-4E5F-BA11-370B07681F1D}"
EndProject
Project("{FAE04EC0-301F-11D3-BF4B-00C04F79EFBC}") = "AccountManagement.Domain", "AccountManagement.Domain\AccountManagement.Domain.csproj", "{5B29D6C8-88BC-4C96-8A33-C3363C059A8E}"
EndProject
Project("{FAE04EC0-301F-11D3-BF4B-00C04F79EFBC}") = "AccountManagement.Application.Contraccts", "AccountManagement.Application.Contraccts\AccountManagement.Application.Contraccts.csproj", "{E2818C40-6C08-48D1-B295-4BDAD19CCB22}"
EndProject
Project("{FAE04EC0-301F-11D3-BF4B-00C04F79EFBC}") = "AccountmanagementApplication", "AccountmanagementApplication\AccountmanagementApplication.csproj", "{46DB5218-0714-4895-AF68-C28F0CA0DB03}"
EndProject
Project("{FAE04EC0-301F-11D3-BF4B-00C04F79EFBC}") = "AccountManagemant.Infrastucture.EfCore", "AccountManagemant.Infrastucture.EfCore\AccountManagemant.Infrastucture.EfCore.csproj", "{367D1646-BB47-4E4A-A4B4-2EE80604FD86}"
EndProject
Project("{FAE04EC0-301F-11D3-BF4B-00C04F79EFBC}") = "AccountManagement.Configuration", "AccountManagement.Configuration\AccountManagement.Configuration.csproj", "{8E6D5C61-3289-4875-875F-27589B54ABE6}"
EndProject
Global
	GlobalSection(SolutionConfigurationPlatforms) = preSolution
		Debug|Any CPU = Debug|Any CPU
		Release|Any CPU = Release|Any CPU
	EndGlobalSection
	GlobalSection(ProjectConfigurationPlatforms) = postSolution
		{711ED013-809E-4781-AA43-1CCBFBAEB206}.Debug|Any CPU.ActiveCfg = Debug|Any CPU
		{711ED013-809E-4781-AA43-1CCBFBAEB206}.Debug|Any CPU.Build.0 = Debug|Any CPU
		{711ED013-809E-4781-AA43-1CCBFBAEB206}.Release|Any CPU.ActiveCfg = Release|Any CPU
		{711ED013-809E-4781-AA43-1CCBFBAEB206}.Release|Any CPU.Build.0 = Release|Any CPU
		{58D9BF63-C468-4812-ADD8-000AB6B6E16A}.Debug|Any CPU.ActiveCfg = Debug|Any CPU
		{58D9BF63-C468-4812-ADD8-000AB6B6E16A}.Debug|Any CPU.Build.0 = Debug|Any CPU
		{58D9BF63-C468-4812-ADD8-000AB6B6E16A}.Release|Any CPU.ActiveCfg = Release|Any CPU
		{58D9BF63-C468-4812-ADD8-000AB6B6E16A}.Release|Any CPU.Build.0 = Release|Any CPU
		{BFE9492E-A678-4DF4-8DC0-26CED294AE2C}.Debug|Any CPU.ActiveCfg = Debug|Any CPU
		{BFE9492E-A678-4DF4-8DC0-26CED294AE2C}.Debug|Any CPU.Build.0 = Debug|Any CPU
		{BFE9492E-A678-4DF4-8DC0-26CED294AE2C}.Release|Any CPU.ActiveCfg = Release|Any CPU
		{BFE9492E-A678-4DF4-8DC0-26CED294AE2C}.Release|Any CPU.Build.0 = Release|Any CPU
		{E8726627-6C4E-41CD-8500-E542A1ED69EE}.Debug|Any CPU.ActiveCfg = Debug|Any CPU
		{E8726627-6C4E-41CD-8500-E542A1ED69EE}.Debug|Any CPU.Build.0 = Debug|Any CPU
		{E8726627-6C4E-41CD-8500-E542A1ED69EE}.Release|Any CPU.ActiveCfg = Release|Any CPU
		{E8726627-6C4E-41CD-8500-E542A1ED69EE}.Release|Any CPU.Build.0 = Release|Any CPU
		{D1E395EE-1DAC-4D71-AE00-FDF832235F98}.Debug|Any CPU.ActiveCfg = Debug|Any CPU
		{D1E395EE-1DAC-4D71-AE00-FDF832235F98}.Debug|Any CPU.Build.0 = Debug|Any CPU
		{D1E395EE-1DAC-4D71-AE00-FDF832235F98}.Release|Any CPU.ActiveCfg = Release|Any CPU
		{D1E395EE-1DAC-4D71-AE00-FDF832235F98}.Release|Any CPU.Build.0 = Release|Any CPU
		{731E544C-AE96-4DF2-805A-ADD427920CE8}.Debug|Any CPU.ActiveCfg = Debug|Any CPU
		{731E544C-AE96-4DF2-805A-ADD427920CE8}.Debug|Any CPU.Build.0 = Debug|Any CPU
		{731E544C-AE96-4DF2-805A-ADD427920CE8}.Release|Any CPU.ActiveCfg = Release|Any CPU
		{731E544C-AE96-4DF2-805A-ADD427920CE8}.Release|Any CPU.Build.0 = Release|Any CPU
		{99EEA4BA-9C4B-41EE-87B6-64D51E0E1898}.Debug|Any CPU.ActiveCfg = Debug|Any CPU
		{99EEA4BA-9C4B-41EE-87B6-64D51E0E1898}.Debug|Any CPU.Build.0 = Debug|Any CPU
		{99EEA4BA-9C4B-41EE-87B6-64D51E0E1898}.Release|Any CPU.ActiveCfg = Release|Any CPU
		{99EEA4BA-9C4B-41EE-87B6-64D51E0E1898}.Release|Any CPU.Build.0 = Release|Any CPU
		{EC758051-BD79-44C4-B077-FDB7CE1CE20A}.Debug|Any CPU.ActiveCfg = Debug|Any CPU
		{EC758051-BD79-44C4-B077-FDB7CE1CE20A}.Debug|Any CPU.Build.0 = Debug|Any CPU
		{EC758051-BD79-44C4-B077-FDB7CE1CE20A}.Release|Any CPU.ActiveCfg = Release|Any CPU
		{EC758051-BD79-44C4-B077-FDB7CE1CE20A}.Release|Any CPU.Build.0 = Release|Any CPU
		{AF717BFF-863D-4BA1-9BE2-424AA73AFCB7}.Debug|Any CPU.ActiveCfg = Debug|Any CPU
		{AF717BFF-863D-4BA1-9BE2-424AA73AFCB7}.Debug|Any CPU.Build.0 = Debug|Any CPU
		{AF717BFF-863D-4BA1-9BE2-424AA73AFCB7}.Release|Any CPU.ActiveCfg = Release|Any CPU
		{AF717BFF-863D-4BA1-9BE2-424AA73AFCB7}.Release|Any CPU.Build.0 = Release|Any CPU
		{94BE0EC0-DF38-4564-A05A-205F1521010A}.Debug|Any CPU.ActiveCfg = Debug|Any CPU
		{94BE0EC0-DF38-4564-A05A-205F1521010A}.Debug|Any CPU.Build.0 = Debug|Any CPU
		{94BE0EC0-DF38-4564-A05A-205F1521010A}.Release|Any CPU.ActiveCfg = Release|Any CPU
		{94BE0EC0-DF38-4564-A05A-205F1521010A}.Release|Any CPU.Build.0 = Release|Any CPU
		{160B41D8-C87D-4021-8C0D-82B61A21CEF2}.Debug|Any CPU.ActiveCfg = Debug|Any CPU
		{160B41D8-C87D-4021-8C0D-82B61A21CEF2}.Debug|Any CPU.Build.0 = Debug|Any CPU
		{160B41D8-C87D-4021-8C0D-82B61A21CEF2}.Release|Any CPU.ActiveCfg = Release|Any CPU
		{160B41D8-C87D-4021-8C0D-82B61A21CEF2}.Release|Any CPU.Build.0 = Release|Any CPU
		{B2463170-6EF8-48A0-9AE8-E9D25A4D0437}.Debug|Any CPU.ActiveCfg = Debug|Any CPU
		{B2463170-6EF8-48A0-9AE8-E9D25A4D0437}.Debug|Any CPU.Build.0 = Debug|Any CPU
		{B2463170-6EF8-48A0-9AE8-E9D25A4D0437}.Release|Any CPU.ActiveCfg = Release|Any CPU
		{B2463170-6EF8-48A0-9AE8-E9D25A4D0437}.Release|Any CPU.Build.0 = Release|Any CPU
		{CC61DC91-DFDC-4197-AB86-117E3D3839AA}.Debug|Any CPU.ActiveCfg = Debug|Any CPU
		{CC61DC91-DFDC-4197-AB86-117E3D3839AA}.Debug|Any CPU.Build.0 = Debug|Any CPU
		{CC61DC91-DFDC-4197-AB86-117E3D3839AA}.Release|Any CPU.ActiveCfg = Release|Any CPU
		{CC61DC91-DFDC-4197-AB86-117E3D3839AA}.Release|Any CPU.Build.0 = Release|Any CPU
		{E6090702-5917-4B16-AB5A-FFFE413A55BE}.Debug|Any CPU.ActiveCfg = Debug|Any CPU
		{E6090702-5917-4B16-AB5A-FFFE413A55BE}.Debug|Any CPU.Build.0 = Debug|Any CPU
		{E6090702-5917-4B16-AB5A-FFFE413A55BE}.Release|Any CPU.ActiveCfg = Release|Any CPU
		{E6090702-5917-4B16-AB5A-FFFE413A55BE}.Release|Any CPU.Build.0 = Release|Any CPU
		{72A8311A-F563-4489-A073-A0DF430BA735}.Debug|Any CPU.ActiveCfg = Debug|Any CPU
		{72A8311A-F563-4489-A073-A0DF430BA735}.Debug|Any CPU.Build.0 = Debug|Any CPU
		{72A8311A-F563-4489-A073-A0DF430BA735}.Release|Any CPU.ActiveCfg = Release|Any CPU
		{72A8311A-F563-4489-A073-A0DF430BA735}.Release|Any CPU.Build.0 = Release|Any CPU
		{1639F5E6-E826-41A3-937D-C77C5A22741B}.Debug|Any CPU.ActiveCfg = Debug|Any CPU
		{1639F5E6-E826-41A3-937D-C77C5A22741B}.Debug|Any CPU.Build.0 = Debug|Any CPU
		{1639F5E6-E826-41A3-937D-C77C5A22741B}.Release|Any CPU.ActiveCfg = Release|Any CPU
		{1639F5E6-E826-41A3-937D-C77C5A22741B}.Release|Any CPU.Build.0 = Release|Any CPU
		{91A89AFD-1CB5-4551-9A54-6B8E2F362A41}.Debug|Any CPU.ActiveCfg = Debug|Any CPU
		{91A89AFD-1CB5-4551-9A54-6B8E2F362A41}.Debug|Any CPU.Build.0 = Debug|Any CPU
		{91A89AFD-1CB5-4551-9A54-6B8E2F362A41}.Release|Any CPU.ActiveCfg = Release|Any CPU
		{91A89AFD-1CB5-4551-9A54-6B8E2F362A41}.Release|Any CPU.Build.0 = Release|Any CPU
		{80D0A097-552B-4AE1-BF1D-C1A94DD704D6}.Debug|Any CPU.ActiveCfg = Debug|Any CPU
		{80D0A097-552B-4AE1-BF1D-C1A94DD704D6}.Debug|Any CPU.Build.0 = Debug|Any CPU
		{80D0A097-552B-4AE1-BF1D-C1A94DD704D6}.Release|Any CPU.ActiveCfg = Release|Any CPU
		{80D0A097-552B-4AE1-BF1D-C1A94DD704D6}.Release|Any CPU.Build.0 = Release|Any CPU
		{5B29D6C8-88BC-4C96-8A33-C3363C059A8E}.Debug|Any CPU.ActiveCfg = Debug|Any CPU
		{5B29D6C8-88BC-4C96-8A33-C3363C059A8E}.Debug|Any CPU.Build.0 = Debug|Any CPU
		{5B29D6C8-88BC-4C96-8A33-C3363C059A8E}.Release|Any CPU.ActiveCfg = Release|Any CPU
		{5B29D6C8-88BC-4C96-8A33-C3363C059A8E}.Release|Any CPU.Build.0 = Release|Any CPU
		{E2818C40-6C08-48D1-B295-4BDAD19CCB22}.Debug|Any CPU.ActiveCfg = Debug|Any CPU
		{E2818C40-6C08-48D1-B295-4BDAD19CCB22}.Debug|Any CPU.Build.0 = Debug|Any CPU
		{E2818C40-6C08-48D1-B295-4BDAD19CCB22}.Release|Any CPU.ActiveCfg = Release|Any CPU
		{E2818C40-6C08-48D1-B295-4BDAD19CCB22}.Release|Any CPU.Build.0 = Release|Any CPU
		{46DB5218-0714-4895-AF68-C28F0CA0DB03}.Debug|Any CPU.ActiveCfg = Debug|Any CPU
		{46DB5218-0714-4895-AF68-C28F0CA0DB03}.Debug|Any CPU.Build.0 = Debug|Any CPU
		{46DB5218-0714-4895-AF68-C28F0CA0DB03}.Release|Any CPU.ActiveCfg = Release|Any CPU
		{46DB5218-0714-4895-AF68-C28F0CA0DB03}.Release|Any CPU.Build.0 = Release|Any CPU
		{367D1646-BB47-4E4A-A4B4-2EE80604FD86}.Debug|Any CPU.ActiveCfg = Debug|Any CPU
		{367D1646-BB47-4E4A-A4B4-2EE80604FD86}.Debug|Any CPU.Build.0 = Debug|Any CPU
		{367D1646-BB47-4E4A-A4B4-2EE80604FD86}.Release|Any CPU.ActiveCfg = Release|Any CPU
		{367D1646-BB47-4E4A-A4B4-2EE80604FD86}.Release|Any CPU.Build.0 = Release|Any CPU
		{8E6D5C61-3289-4875-875F-27589B54ABE6}.Debug|Any CPU.ActiveCfg = Debug|Any CPU
		{8E6D5C61-3289-4875-875F-27589B54ABE6}.Debug|Any CPU.Build.0 = Debug|Any CPU
		{8E6D5C61-3289-4875-875F-27589B54ABE6}.Release|Any CPU.ActiveCfg = Release|Any CPU
		{8E6D5C61-3289-4875-875F-27589B54ABE6}.Release|Any CPU.Build.0 = Release|Any CPU
	EndGlobalSection
	GlobalSection(SolutionProperties) = preSolution
		HideSolutionNode = FALSE
	EndGlobalSection
	GlobalSection(NestedProjects) = preSolution
		{0509F04F-0BDB-46C2-A5B8-99CC5D72EB8B} = {E799E8CC-1DBE-45EA-B24B-FC922113D42B}
		{711ED013-809E-4781-AA43-1CCBFBAEB206} = {0509F04F-0BDB-46C2-A5B8-99CC5D72EB8B}
		{6596C863-B4E1-4DD5-8B4A-F2685E81A822} = {E799E8CC-1DBE-45EA-B24B-FC922113D42B}
		{BFE9492E-A678-4DF4-8DC0-26CED294AE2C} = {6596C863-B4E1-4DD5-8B4A-F2685E81A822}
		{E8726627-6C4E-41CD-8500-E542A1ED69EE} = {6596C863-B4E1-4DD5-8B4A-F2685E81A822}
		{2F45ED3E-C4B6-4899-959F-D5E067E7A330} = {E799E8CC-1DBE-45EA-B24B-FC922113D42B}
		{D1E395EE-1DAC-4D71-AE00-FDF832235F98} = {2F45ED3E-C4B6-4899-959F-D5E067E7A330}
		{731E544C-AE96-4DF2-805A-ADD427920CE8} = {2F45ED3E-C4B6-4899-959F-D5E067E7A330}
		{3A87738D-EECB-48B7-A45E-ECBE7677B937} = {8645BF0D-D759-4505-9663-A8DC69BCE872}
		{D7B107DD-3602-4EAF-9DFF-7A8C4CA0BBF0} = {8645BF0D-D759-4505-9663-A8DC69BCE872}
		{12C260D1-3679-46F1-899A-FEB28FC56844} = {8645BF0D-D759-4505-9663-A8DC69BCE872}
		{AF717BFF-863D-4BA1-9BE2-424AA73AFCB7} = {3A87738D-EECB-48B7-A45E-ECBE7677B937}
		{94BE0EC0-DF38-4564-A05A-205F1521010A} = {D7B107DD-3602-4EAF-9DFF-7A8C4CA0BBF0}
		{160B41D8-C87D-4021-8C0D-82B61A21CEF2} = {D7B107DD-3602-4EAF-9DFF-7A8C4CA0BBF0}
		{B2463170-6EF8-48A0-9AE8-E9D25A4D0437} = {12C260D1-3679-46F1-899A-FEB28FC56844}
		{CC61DC91-DFDC-4197-AB86-117E3D3839AA} = {12C260D1-3679-46F1-899A-FEB28FC56844}
		{48C79094-2173-4AE3-8D01-E9625130DA7D} = {2BA8A6AF-93A8-4EEF-90C2-E6A0BDE74FF9}
		{2BDCCCC4-88CD-4EF0-9EF2-B1328F16AB07} = {2BA8A6AF-93A8-4EEF-90C2-E6A0BDE74FF9}
		{E6090702-5917-4B16-AB5A-FFFE413A55BE} = {48C79094-2173-4AE3-8D01-E9625130DA7D}
		{F77FB568-F43E-4A6A-87EC-82350BE39D8A} = {2BA8A6AF-93A8-4EEF-90C2-E6A0BDE74FF9}
		{72A8311A-F563-4489-A073-A0DF430BA735} = {F77FB568-F43E-4A6A-87EC-82350BE39D8A}
		{1639F5E6-E826-41A3-937D-C77C5A22741B} = {2BDCCCC4-88CD-4EF0-9EF2-B1328F16AB07}
		{91A89AFD-1CB5-4551-9A54-6B8E2F362A41} = {2BDCCCC4-88CD-4EF0-9EF2-B1328F16AB07}
		{80D0A097-552B-4AE1-BF1D-C1A94DD704D6} = {F77FB568-F43E-4A6A-87EC-82350BE39D8A}
		{D8FE85F9-B2FF-460D-83D8-46E951351AC1} = {C5821A33-EE76-4A71-9FA6-A71651EA0ECA}
		{E2FA117B-45DC-4804-BE34-F36743A9826B} = {C5821A33-EE76-4A71-9FA6-A71651EA0ECA}
		{448DE631-1609-4E5F-BA11-370B07681F1D} = {C5821A33-EE76-4A71-9FA6-A71651EA0ECA}
		{5B29D6C8-88BC-4C96-8A33-C3363C059A8E} = {D8FE85F9-B2FF-460D-83D8-46E951351AC1}
		{E2818C40-6C08-48D1-B295-4BDAD19CCB22} = {448DE631-1609-4E5F-BA11-370B07681F1D}
		{46DB5218-0714-4895-AF68-C28F0CA0DB03} = {448DE631-1609-4E5F-BA11-370B07681F1D}
		{367D1646-BB47-4E4A-A4B4-2EE80604FD86} = {E2FA117B-45DC-4804-BE34-F36743A9826B}
		{8E6D5C61-3289-4875-875F-27589B54ABE6} = {E2FA117B-45DC-4804-BE34-F36743A9826B}
	EndGlobalSection
	GlobalSection(ExtensibilityGlobals) = postSolution
		SolutionGuid = {A35D974B-1593-4792-8B30-BC122ABFA3F1}
	EndGlobalSection
EndGlobal
